
Microsoft Visual Studio Solution File, Format Version 12.00
# Visual Studio 2012
Project("{FAE04EC0-301F-11D3-BF4B-00C04F79EFBC}") = "Minesweeper.Gui", "Minesweeper.Gui\Minesweeper.Gui.csproj", "{45F50109-6013-4E1F-9F01-365299B1C4A2}"
EndProject
Project("{FAE04EC0-301F-11D3-BF4B-00C04F79EFBC}") = "Minesweeper.Core", "Minesweeper.Core\Minesweeper.Core.csproj", "{0C7C6437-AEB3-4905-BA52-E9A3781C2AB0}"
EndProject
Project("{FAE04EC0-301F-11D3-BF4B-00C04F79EFBC}") = "Minesweeper.Core.Tests", "Minesweeper.Core.Tests\Minesweeper.Core.Tests.csproj", "{B99033AB-738D-4AB0-A56C-C9DA4C73DCF4}"
EndProject
Global
	GlobalSection(SolutionConfigurationPlatforms) = preSolution
		Debug|Any CPU = Debug|Any CPU
		Release|Any CPU = Release|Any CPU
	EndGlobalSection
	GlobalSection(ProjectConfigurationPlatforms) = postSolution
		{45F50109-6013-4E1F-9F01-365299B1C4A2}.Debug|Any CPU.ActiveCfg = Debug|Any CPU
		{45F50109-6013-4E1F-9F01-365299B1C4A2}.Debug|Any CPU.Build.0 = Debug|Any CPU
		{45F50109-6013-4E1F-9F01-365299B1C4A2}.Release|Any CPU.ActiveCfg = Release|Any CPU
		{45F50109-6013-4E1F-9F01-365299B1C4A2}.Release|Any CPU.Build.0 = Release|Any CPU
		{0C7C6437-AEB3-4905-BA52-E9A3781C2AB0}.Debug|Any CPU.ActiveCfg = Debug|Any CPU
		{0C7C6437-AEB3-4905-BA52-E9A3781C2AB0}.Debug|Any CPU.Build.0 = Debug|Any CPU
		{0C7C6437-AEB3-4905-BA52-E9A3781C2AB0}.Release|Any CPU.ActiveCfg = Release|Any CPU
		{0C7C6437-AEB3-4905-BA52-E9A3781C2AB0}.Release|Any CPU.Build.0 = Release|Any CPU
		{B99033AB-738D-4AB0-A56C-C9DA4C73DCF4}.Debug|Any CPU.ActiveCfg = Debug|Any CPU
		{B99033AB-738D-4AB0-A56C-C9DA4C73DCF4}.Debug|Any CPU.Build.0 = Debug|Any CPU
		{B99033AB-738D-4AB0-A56C-C9DA4C73DCF4}.Release|Any CPU.ActiveCfg = Release|Any CPU
		{B99033AB-738D-4AB0-A56C-C9DA4C73DCF4}.Release|Any CPU.Build.0 = Release|Any CPU
	EndGlobalSection
	GlobalSection(SolutionProperties) = preSolution
		HideSolutionNode = FALSE
	EndGlobalSection
EndGlobal
